
Microsoft Visual Studio Solution File, Format Version 12.00
# Visual Studio Version 17
VisualStudioVersion = 17.1.32319.34
MinimumVisualStudioVersion = 10.0.40219.1
Project("{FAE04EC0-301F-11D3-BF4B-00C04F79EFBC}") = "Coreweb_api_token", "Coreweb_api_token.csproj", "{742BECBB-B6BF-4B0C-B2EC-D62E4F1A7AF6}"
EndProject
Global
	GlobalSection(SolutionConfigurationPlatforms) = preSolution
		Debug|Any CPU = Debug|Any CPU
		Release|Any CPU = Release|Any CPU
	EndGlobalSection
	GlobalSection(ProjectConfigurationPlatforms) = postSolution
		{742BECBB-B6BF-4B0C-B2EC-D62E4F1A7AF6}.Debug|Any CPU.ActiveCfg = Debug|Any CPU
		{742BECBB-B6BF-4B0C-B2EC-D62E4F1A7AF6}.Debug|Any CPU.Build.0 = Debug|Any CPU
		{742BECBB-B6BF-4B0C-B2EC-D62E4F1A7AF6}.Release|Any CPU.ActiveCfg = Release|Any CPU
		{742BECBB-B6BF-4B0C-B2EC-D62E4F1A7AF6}.Release|Any CPU.Build.0 = Release|Any CPU
	EndGlobalSection
	GlobalSection(SolutionProperties) = preSolution
		HideSolutionNode = FALSE
	EndGlobalSection
	GlobalSection(ExtensibilityGlobals) = postSolution
		SolutionGuid = {B40A6C02-CA42-4048-B533-F82CA831B21C}
	EndGlobalSection
EndGlobal
